// !$*UTF8*$!
{
	archiveVersion = 1;
	classes = {
	};
	objectVersion = 50;
	objects = {

/* Begin PBXBuildFile section */
		2684409122665B7C0096CF6F /* AppDelegate.swift in Sources */ = {isa = PBXBuildFile; fileRef = 2684409022665B7C0096CF6F /* AppDelegate.swift */; };
		2684409322665B7C0096CF6F /* ViewController.swift in Sources */ = {isa = PBXBuildFile; fileRef = 2684409222665B7C0096CF6F /* ViewController.swift */; };
		2684409622665B7C0096CF6F /* Main.storyboard in Resources */ = {isa = PBXBuildFile; fileRef = 2684409422665B7C0096CF6F /* Main.storyboard */; };
		2684409822665B7E0096CF6F /* Assets.xcassets in Resources */ = {isa = PBXBuildFile; fileRef = 2684409722665B7E0096CF6F /* Assets.xcassets */; };
		2684409B22665B7E0096CF6F /* LaunchScreen.storyboard in Resources */ = {isa = PBXBuildFile; fileRef = 2684409922665B7E0096CF6F /* LaunchScreen.storyboard */; };
		268440A622665B7E0096CF6F /* GitHubSearchReposTestAppTests.swift in Sources */ = {isa = PBXBuildFile; fileRef = 268440A522665B7E0096CF6F /* GitHubSearchReposTestAppTests.swift */; };
/* End PBXBuildFile section */

/* Begin PBXContainerItemProxy section */
		268440A222665B7E0096CF6F /* PBXContainerItemProxy */ = {
			isa = PBXContainerItemProxy;
			containerPortal = 2684408522665B7B0096CF6F /* Project object */;
			proxyType = 1;
			remoteGlobalIDString = 2684408C22665B7B0096CF6F;
			remoteInfo = GitHubSearchReposTestApp;
		};
/* End PBXContainerItemProxy section */

/* Begin PBXFileReference section */
		2684408D22665B7B0096CF6F /* GitHubSearchReposTestApp.app */ = {isa = PBXFileReference; explicitFileType = wrapper.application; includeInIndex = 0; path = GitHubSearchReposTestApp.app; sourceTree = BUILT_PRODUCTS_DIR; };
		2684409022665B7C0096CF6F /* AppDelegate.swift */ = {isa = PBXFileReference; lastKnownFileType = sourcecode.swift; path = AppDelegate.swift; sourceTree = "<group>"; };
		2684409222665B7C0096CF6F /* ViewController.swift */ = {isa = PBXFileReference; lastKnownFileType = sourcecode.swift; path = ViewController.swift; sourceTree = "<group>"; };
		2684409522665B7C0096CF6F /* Base */ = {isa = PBXFileReference; lastKnownFileType = file.storyboard; name = Base; path = Base.lproj/Main.storyboard; sourceTree = "<group>"; };
		2684409722665B7E0096CF6F /* Assets.xcassets */ = {isa = PBXFileReference; lastKnownFileType = folder.assetcatalog; path = Assets.xcassets; sourceTree = "<group>"; };
		2684409A22665B7E0096CF6F /* Base */ = {isa = PBXFileReference; lastKnownFileType = file.storyboard; name = Base; path = Base.lproj/LaunchScreen.storyboard; sourceTree = "<group>"; };
		2684409C22665B7E0096CF6F /* Info.plist */ = {isa = PBXFileReference; lastKnownFileType = text.plist.xml; path = Info.plist; sourceTree = "<group>"; };
		268440A122665B7E0096CF6F /* GitHubSearchReposTestAppTests.xctest */ = {isa = PBXFileReference; explicitFileType = wrapper.cfbundle; includeInIndex = 0; path = GitHubSearchReposTestAppTests.xctest; sourceTree = BUILT_PRODUCTS_DIR; };
		268440A522665B7E0096CF6F /* GitHubSearchReposTestAppTests.swift */ = {isa = PBXFileReference; lastKnownFileType = sourcecode.swift; path = GitHubSearchReposTestAppTests.swift; sourceTree = "<group>"; };
		268440A722665B7E0096CF6F /* Info.plist */ = {isa = PBXFileReference; lastKnownFileType = text.plist.xml; path = Info.plist; sourceTree = "<group>"; };
/* End PBXFileReference section */

/* Begin PBXFrameworksBuildPhase section */
		2684408A22665B7B0096CF6F /* Frameworks */ = {
			isa = PBXFrameworksBuildPhase;
			buildActionMask = 2147483647;
			files = (
			);
			runOnlyForDeploymentPostprocessing = 0;
		};
		2684409E22665B7E0096CF6F /* Frameworks */ = {
			isa = PBXFrameworksBuildPhase;
			buildActionMask = 2147483647;
			files = (
			);
			runOnlyForDeploymentPostprocessing = 0;
		};
/* End PBXFrameworksBuildPhase section */

/* Begin PBXGroup section */
		2684408422665B7B0096CF6F = {
			isa = PBXGroup;
			children = (
				2684408F22665B7B0096CF6F /* GitHubSearchReposTestApp */,
				268440A422665B7E0096CF6F /* GitHubSearchReposTestAppTests */,
				2684408E22665B7B0096CF6F /* Products */,
			);
			sourceTree = "<group>";
		};
		2684408E22665B7B0096CF6F /* Products */ = {
			isa = PBXGroup;
			children = (
				2684408D22665B7B0096CF6F /* GitHubSearchReposTestApp.app */,
				268440A122665B7E0096CF6F /* GitHubSearchReposTestAppTests.xctest */,
			);
			name = Products;
			sourceTree = "<group>";
		};
		2684408F22665B7B0096CF6F /* GitHubSearchReposTestApp */ = {
			isa = PBXGroup;
			children = (
				2684409022665B7C0096CF6F /* AppDelegate.swift */,
				2684409222665B7C0096CF6F /* ViewController.swift */,
				2684409422665B7C0096CF6F /* Main.storyboard */,
				2684409722665B7E0096CF6F /* Assets.xcassets */,
				2684409922665B7E0096CF6F /* LaunchScreen.storyboard */,
				2684409C22665B7E0096CF6F /* Info.plist */,
			);
			path = GitHubSearchReposTestApp;
			sourceTree = "<group>";
		};
		268440A422665B7E0096CF6F /* GitHubSearchReposTestAppTests */ = {
			isa = PBXGroup;
			children = (
				268440A522665B7E0096CF6F /* GitHubSearchReposTestAppTests.swift */,
				268440A722665B7E0096CF6F /* Info.plist */,
			);
			path = GitHubSearchReposTestAppTests;
			sourceTree = "<group>";
		};
/* End PBXGroup section */

/* Begin PBXNativeTarget section */
		2684408C22665B7B0096CF6F /* GitHubSearchReposTestApp */ = {
			isa = PBXNativeTarget;
			buildConfigurationList = 268440AA22665B7E0096CF6F /* Build configuration list for PBXNativeTarget "GitHubSearchReposTestApp" */;
			buildPhases = (
				2684408922665B7B0096CF6F /* Sources */,
				2684408A22665B7B0096CF6F /* Frameworks */,
				2684408B22665B7B0096CF6F /* Resources */,
			);
			buildRules = (
			);
			dependencies = (
			);
			name = GitHubSearchReposTestApp;
			productName = GitHubSearchReposTestApp;
			productReference = 2684408D22665B7B0096CF6F /* GitHubSearchReposTestApp.app */;
			productType = "com.apple.product-type.application";
		};
		268440A022665B7E0096CF6F /* GitHubSearchReposTestAppTests */ = {
			isa = PBXNativeTarget;
			buildConfigurationList = 268440AD22665B7E0096CF6F /* Build configuration list for PBXNativeTarget "GitHubSearchReposTestAppTests" */;
			buildPhases = (
				2684409D22665B7E0096CF6F /* Sources */,
				2684409E22665B7E0096CF6F /* Frameworks */,
				2684409F22665B7E0096CF6F /* Resources */,
			);
			buildRules = (
			);
			dependencies = (
				268440A322665B7E0096CF6F /* PBXTargetDependency */,
			);
			name = GitHubSearchReposTestAppTests;
			productName = GitHubSearchReposTestAppTests;
			productReference = 268440A122665B7E0096CF6F /* GitHubSearchReposTestAppTests.xctest */;
			productType = "com.apple.product-type.bundle.unit-test";
		};
/* End PBXNativeTarget section */

/* Begin PBXProject section */
		2684408522665B7B0096CF6F /* Project object */ = {
			isa = PBXProject;
			attributes = {
				LastSwiftUpdateCheck = 1020;
				LastUpgradeCheck = 1020;
				ORGANIZATIONNAME = "Ivan Stebletsov";
				TargetAttributes = {
					2684408C22665B7B0096CF6F = {
						CreatedOnToolsVersion = 10.2;
					};
					268440A022665B7E0096CF6F = {
						CreatedOnToolsVersion = 10.2;
						TestTargetID = 2684408C22665B7B0096CF6F;
					};
				};
			};
			buildConfigurationList = 2684408822665B7B0096CF6F /* Build configuration list for PBXProject "GitHubSearchReposTestApp" */;
			compatibilityVersion = "Xcode 9.3";
			developmentRegion = en;
			hasScannedForEncodings = 0;
			knownRegions = (
				en,
				Base,
			);
			mainGroup = 2684408422665B7B0096CF6F;
			productRefGroup = 2684408E22665B7B0096CF6F /* Products */;
			projectDirPath = "";
			projectRoot = "";
			targets = (
				2684408C22665B7B0096CF6F /* GitHubSearchReposTestApp */,
				268440A022665B7E0096CF6F /* GitHubSearchReposTestAppTests */,
			);
		};
/* End PBXProject section */

/* Begin PBXResourcesBuildPhase section */
		2684408B22665B7B0096CF6F /* Resources */ = {
			isa = PBXResourcesBuildPhase;
			buildActionMask = 2147483647;
			files = (
				2684409B22665B7E0096CF6F /* LaunchScreen.storyboard in Resources */,
				2684409822665B7E0096CF6F /* Assets.xcassets in Resources */,
				2684409622665B7C0096CF6F /* Main.storyboard in Resources */,
			);
			runOnlyForDeploymentPostprocessing = 0;
		};
		2684409F22665B7E0096CF6F /* Resources */ = {
			isa = PBXResourcesBuildPhase;
			buildActionMask = 2147483647;
			files = (
			);
			runOnlyForDeploymentPostprocessing = 0;
		};
/* End PBXResourcesBuildPhase section */

/* Begin PBXSourcesBuildPhase section */
		2684408922665B7B0096CF6F /* Sources */ = {
			isa = PBXSourcesBuildPhase;
			buildActionMask = 2147483647;
			files = (
				2684409322665B7C0096CF6F /* ViewController.swift in Sources */,
				2684409122665B7C0096CF6F /* AppDelegate.swift in Sources */,
			);
			runOnlyForDeploymentPostprocessing = 0;
		};
		2684409D22665B7E0096CF6F /* Sources */ = {
			isa = PBXSourcesBuildPhase;
			buildActionMask = 2147483647;
			files = (
				268440A622665B7E0096CF6F /* GitHubSearchReposTestAppTests.swift in Sources */,
			);
			runOnlyForDeploymentPostprocessing = 0;
		};
/* End PBXSourcesBuildPhase section */

/* Begin PBXTargetDependency section */
		268440A322665B7E0096CF6F /* PBXTargetDependency */ = {
			isa = PBXTargetDependency;
			target = 2684408C22665B7B0096CF6F /* GitHubSearchReposTestApp */;
			targetProxy = 268440A222665B7E0096CF6F /* PBXContainerItemProxy */;
		};
/* End PBXTargetDependency section */

/* Begin PBXVariantGroup section */
		2684409422665B7C0096CF6F /* Main.storyboard */ = {
			isa = PBXVariantGroup;
			children = (
				2684409522665B7C0096CF6F /* Base */,
			);
			name = Main.storyboard;
			sourceTree = "<group>";
		};
		2684409922665B7E0096CF6F /* LaunchScreen.storyboard */ = {
			isa = PBXVariantGroup;
			children = (
				2684409A22665B7E0096CF6F /* Base */,
			);
			name = LaunchScreen.storyboard;
			sourceTree = "<group>";
		};
/* End PBXVariantGroup section */

/* Begin XCBuildConfiguration section */
		268440A822665B7E0096CF6F /* Debug */ = {
			isa = XCBuildConfiguration;
			buildSettings = {
				ALWAYS_SEARCH_USER_PATHS = NO;
				CLANG_ANALYZER_NONNULL = YES;
				CLANG_ANALYZER_NUMBER_OBJECT_CONVERSION = YES_AGGRESSIVE;
				CLANG_CXX_LANGUAGE_STANDARD = "gnu++14";
				CLANG_CXX_LIBRARY = "libc++";
				CLANG_ENABLE_MODULES = YES;
				CLANG_ENABLE_OBJC_ARC = YES;
				CLANG_ENABLE_OBJC_WEAK = YES;
				CLANG_WARN_BLOCK_CAPTURE_AUTORELEASING = YES;
				CLANG_WARN_BOOL_CONVERSION = YES;
				CLANG_WARN_COMMA = YES;
				CLANG_WARN_CONSTANT_CONVERSION = YES;
				CLANG_WARN_DEPRECATED_OBJC_IMPLEMENTATIONS = YES;
				CLANG_WARN_DIRECT_OBJC_ISA_USAGE = YES_ERROR;
				CLANG_WARN_DOCUMENTATION_COMMENTS = YES;
				CLANG_WARN_EMPTY_BODY = YES;
				CLANG_WARN_ENUM_CONVERSION = YES;
				CLANG_WARN_INFINITE_RECURSION = YES;
				CLANG_WARN_INT_CONVERSION = YES;
				CLANG_WARN_NON_LITERAL_NULL_CONVERSION = YES;
				CLANG_WARN_OBJC_IMPLICIT_RETAIN_SELF = YES;
				CLANG_WARN_OBJC_LITERAL_CONVERSION = YES;
				CLANG_WARN_OBJC_ROOT_CLASS = YES_ERROR;
				CLANG_WARN_RANGE_LOOP_ANALYSIS = YES;
				CLANG_WARN_STRICT_PROTOTYPES = YES;
				CLANG_WARN_SUSPICIOUS_MOVE = YES;
				CLANG_WARN_UNGUARDED_AVAILABILITY = YES_AGGRESSIVE;
				CLANG_WARN_UNREACHABLE_CODE = YES;
				CLANG_WARN__DUPLICATE_METHOD_MATCH = YES;
				CODE_SIGN_IDENTITY = "iPhone Developer";
				COPY_PHASE_STRIP = NO;
				DEBUG_INFORMATION_FORMAT = dwarf;
				ENABLE_STRICT_OBJC_MSGSEND = YES;
				ENABLE_TESTABILITY = YES;
				GCC_C_LANGUAGE_STANDARD = gnu11;
				GCC_DYNAMIC_NO_PIC = NO;
				GCC_NO_COMMON_BLOCKS = YES;
				GCC_OPTIMIZATION_LEVEL = 0;
				GCC_PREPROCESSOR_DEFINITIONS = (
					"DEBUG=1",
					"$(inherited)",
				);
				GCC_WARN_64_TO_32_BIT_CONVERSION = YES;
				GCC_WARN_ABOUT_RETURN_TYPE = YES_ERROR;
				GCC_WARN_UNDECLARED_SELECTOR = YES;
				GCC_WARN_UNINITIALIZED_AUTOS = YES_AGGRESSIVE;
				GCC_WARN_UNUSED_FUNCTION = YES;
				GCC_WARN_UNUSED_VARIABLE = YES;
				IPHONEOS_DEPLOYMENT_TARGET = 12.2;
				MTL_ENABLE_DEBUG_INFO = INCLUDE_SOURCE;
				MTL_FAST_MATH = YES;
				ONLY_ACTIVE_ARCH = YES;
				SDKROOT = iphoneos;
				SWIFT_ACTIVE_COMPILATION_CONDITIONS = DEBUG;
				SWIFT_OPTIMIZATION_LEVEL = "-Onone";
			};
			name = Debug;
		};
		268440A922665B7E0096CF6F /* Release */ = {
			isa = XCBuildConfiguration;
			buildSettings = {
				ALWAYS_SEARCH_USER_PATHS = NO;
				CLANG_ANALYZER_NONNULL = YES;
				CLANG_ANALYZER_NUMBER_OBJECT_CONVERSION = YES_AGGRESSIVE;
				CLANG_CXX_LANGUAGE_STANDARD = "gnu++14";
				CLANG_CXX_LIBRARY = "libc++";
				CLANG_ENABLE_MODULES = YES;
				CLANG_ENABLE_OBJC_ARC = YES;
				CLANG_ENABLE_OBJC_WEAK = YES;
				CLANG_WARN_BLOCK_CAPTURE_AUTORELEASING = YES;
				CLANG_WARN_BOOL_CONVERSION = YES;
				CLANG_WARN_COMMA = YES;
				CLANG_WARN_CONSTANT_CONVERSION = YES;
				CLANG_WARN_DEPRECATED_OBJC_IMPLEMENTATIONS = YES;
				CLANG_WARN_DIRECT_OBJC_ISA_USAGE = YES_ERROR;
				CLANG_WARN_DOCUMENTATION_COMMENTS = YES;
				CLANG_WARN_EMPTY_BODY = YES;
				CLANG_WARN_ENUM_CONVERSION = YES;
				CLANG_WARN_INFINITE_RECURSION = YES;
				CLANG_WARN_INT_CONVERSION = YES;
				CLANG_WARN_NON_LITERAL_NULL_CONVERSION = YES;
				CLANG_WARN_OBJC_IMPLICIT_RETAIN_SELF = YES;
				CLANG_WARN_OBJC_LITERAL_CONVERSION = YES;
				CLANG_WARN_OBJC_ROOT_CLASS = YES_ERROR;
				CLANG_WARN_RANGE_LOOP_ANALYSIS = YES;
				CLANG_WARN_STRICT_PROTOTYPES = YES;
				CLANG_WARN_SUSPICIOUS_MOVE = YES;
				CLANG_WARN_UNGUARDED_AVAILABILITY = YES_AGGRESSIVE;
				CLANG_WARN_UNREACHABLE_CODE = YES;
				CLANG_WARN__DUPLICATE_METHOD_MATCH = YES;
				CODE_SIGN_IDENTITY = "iPhone Developer";
				COPY_PHASE_STRIP = NO;
				DEBUG_INFORMATION_FORMAT = "dwarf-with-dsym";
				ENABLE_NS_ASSERTIONS = NO;
				ENABLE_STRICT_OBJC_MSGSEND = YES;
				GCC_C_LANGUAGE_STANDARD = gnu11;
				GCC_NO_COMMON_BLOCKS = YES;
				GCC_WARN_64_TO_32_BIT_CONVERSION = YES;
				GCC_WARN_ABOUT_RETURN_TYPE = YES_ERROR;
				GCC_WARN_UNDECLARED_SELECTOR = YES;
				GCC_WARN_UNINITIALIZED_AUTOS = YES_AGGRESSIVE;
				GCC_WARN_UNUSED_FUNCTION = YES;
				GCC_WARN_UNUSED_VARIABLE = YES;
				IPHONEOS_DEPLOYMENT_TARGET = 12.2;
				MTL_ENABLE_DEBUG_INFO = NO;
				MTL_FAST_MATH = YES;
				SDKROOT = iphoneos;
				SWIFT_COMPILATION_MODE = wholemodule;
				SWIFT_OPTIMIZATION_LEVEL = "-O";
				VALIDATE_PRODUCT = YES;
			};
			name = Release;
		};
		268440AB22665B7E0096CF6F /* Debug */ = {
			isa = XCBuildConfiguration;
			buildSettings = {
				ASSETCATALOG_COMPILER_APPICON_NAME = AppIcon;
				CODE_SIGN_STYLE = Automatic;
				DEVELOPMENT_TEAM = A9K28Z29SG;
				INFOPLIST_FILE = GitHubSearchReposTestApp/Info.plist;
				LD_RUNPATH_SEARCH_PATHS = (
					"$(inherited)",
					"@executable_path/Frameworks",
				);
				PRODUCT_BUNDLE_IDENTIFIER = ru.stebletsovIO.GitHubSearchReposTestApp;
				PRODUCT_NAME = "$(TARGET_NAME)";
				SWIFT_VERSION = 5.0;
				TARGETED_DEVICE_FAMILY = "1,2";
			};
			name = Debug;
		};
		268440AC22665B7E0096CF6F /* Release */ = {
			isa = XCBuildConfiguration;
			buildSettings = {
				ASSETCATALOG_COMPILER_APPICON_NAME = AppIcon;
				CODE_SIGN_STYLE = Automatic;
				DEVELOPMENT_TEAM = A9K28Z29SG;
				INFOPLIST_FILE = GitHubSearchReposTestApp/Info.plist;
				LD_RUNPATH_SEARCH_PATHS = (
					"$(inherited)",
					"@executable_path/Frameworks",
				);
				PRODUCT_BUNDLE_IDENTIFIER = ru.stebletsovIO.GitHubSearchReposTestApp;
				PRODUCT_NAME = "$(TARGET_NAME)";
				SWIFT_VERSION = 5.0;
				TARGETED_DEVICE_FAMILY = "1,2";
			};
			name = Release;
		};
		268440AE22665B7E0096CF6F /* Debug */ = {
			isa = XCBuildConfiguration;
			buildSettings = {
				ALWAYS_EMBED_SWIFT_STANDARD_LIBRARIES = YES;
				BUNDLE_LOADER = "$(TEST_HOST)";
				CODE_SIGN_STYLE = Automatic;
				DEVELOPMENT_TEAM = A9K28Z29SG;
				INFOPLIST_FILE = GitHubSearchReposTestAppTests/Info.plist;
				LD_RUNPATH_SEARCH_PATHS = (
					"$(inherited)",
					"@executable_path/Frameworks",
					"@loader_path/Frameworks",
				);
				PRODUCT_BUNDLE_IDENTIFIER = ru.stebletsovIO.GitHubSearchReposTestAppTests;
				PRODUCT_NAME = "$(TARGET_NAME)";
				SWIFT_VERSION = 5.0;
				TARGETED_DEVICE_FAMILY = "1,2";
				TEST_HOST = "$(BUILT_PRODUCTS_DIR)/GitHubSearchReposTestApp.app/GitHubSearchReposTestApp";
			};
			name = Debug;
		};
		268440AF22665B7E0096CF6F /* Release */ = {
			isa = XCBuildConfiguration;
			buildSettings = {
				ALWAYS_EMBED_SWIFT_STANDARD_LIBRARIES = YES;
				BUNDLE_LOADER = "$(TEST_HOST)";
				CODE_SIGN_STYLE = Automatic;
				DEVELOPMENT_TEAM = A9K28Z29SG;
				INFOPLIST_FILE = GitHubSearchReposTestAppTests/Info.plist;
				LD_RUNPATH_SEARCH_PATHS = (
					"$(inherited)",
					"@executable_path/Frameworks",
					"@loader_path/Frameworks",
				);
				PRODUCT_BUNDLE_IDENTIFIER = ru.stebletsovIO.GitHubSearchReposTestAppTests;
				PRODUCT_NAME = "$(TARGET_NAME)";
				SWIFT_VERSION = 5.0;
				TARGETED_DEVICE_FAMILY = "1,2";
				TEST_HOST = "$(BUILT_PRODUCTS_DIR)/GitHubSearchReposTestApp.app/GitHubSearchReposTestApp";
			};
			name = Release;
		};
/* End XCBuildConfiguration section */

/* Begin XCConfigurationList section */
		2684408822665B7B0096CF6F /* Build configuration list for PBXProject "GitHubSearchReposTestApp" */ = {
			isa = XCConfigurationList;
			buildConfigurations = (
				268440A822665B7E0096CF6F /* Debug */,
				268440A922665B7E0096CF6F /* Release */,
			);
			defaultConfigurationIsVisible = 0;
			defaultConfigurationName = Release;
		};
		268440AA22665B7E0096CF6F /* Build configuration list for PBXNativeTarget "GitHubSearchReposTestApp" */ = {
			isa = XCConfigurationList;
			buildConfigurations = (
				268440AB22665B7E0096CF6F /* Debug */,
				268440AC22665B7E0096CF6F /* Release */,
			);
			defaultConfigurationIsVisible = 0;
			defaultConfigurationName = Release;
		};
		268440AD22665B7E0096CF6F /* Build configuration list for PBXNativeTarget "GitHubSearchReposTestAppTests" */ = {
			isa = XCConfigurationList;
			buildConfigurations = (
				268440AE22665B7E0096CF6F /* Debug */,
				268440AF22665B7E0096CF6F /* Release */,
			);
			defaultConfigurationIsVisible = 0;
			defaultConfigurationName = Release;
		};
/* End XCConfigurationList section */
	};
	rootObject = 2684408522665B7B0096CF6F /* Project object */;
}
